
Microsoft Visual Studio Solution File, Format Version 12.00
# Visual Studio Version 16
VisualStudioVersion = 16.0.31624.102
MinimumVisualStudioVersion = 10.0.40219.1
Project("{FAE04EC0-301F-11D3-BF4B-00C04F79EFBC}") = "algorytmy3", "algorytmy3\algorytmy3.csproj", "{3704C833-D474-401D-8067-D03E8042C4AB}"
EndProject
Global
	GlobalSection(SolutionConfigurationPlatforms) = preSolution
		Debug|Any CPU = Debug|Any CPU
		Release|Any CPU = Release|Any CPU
	EndGlobalSection
	GlobalSection(ProjectConfigurationPlatforms) = postSolution
		{3704C833-D474-401D-8067-D03E8042C4AB}.Debug|Any CPU.ActiveCfg = Debug|Any CPU
		{3704C833-D474-401D-8067-D03E8042C4AB}.Debug|Any CPU.Build.0 = Debug|Any CPU
		{3704C833-D474-401D-8067-D03E8042C4AB}.Release|Any CPU.ActiveCfg = Release|Any CPU
		{3704C833-D474-401D-8067-D03E8042C4AB}.Release|Any CPU.Build.0 = Release|Any CPU
	EndGlobalSection
	GlobalSection(SolutionProperties) = preSolution
		HideSolutionNode = FALSE
	EndGlobalSection
	GlobalSection(ExtensibilityGlobals) = postSolution
		SolutionGuid = {5B9D7315-5059-42D6-8B3C-7DB3C8E49744}
	EndGlobalSection
EndGlobal
